
Microsoft Visual Studio Solution File, Format Version 12.00
# Visual Studio Version 16
VisualStudioVersion = 16.0.29728.190
MinimumVisualStudioVersion = 10.0.40219.1
Project("{FAE04EC0-301F-11D3-BF4B-00C04F79EFBC}") = "ShoppingList2", "ShoppingList2\ShoppingList2.csproj", "{EE2C7EA8-BAC2-4177-B28E-EF3D8CCB1EE1}"
EndProject
Global
	GlobalSection(SolutionConfigurationPlatforms) = preSolution
		Debug|Any CPU = Debug|Any CPU
		Release|Any CPU = Release|Any CPU
	EndGlobalSection
	GlobalSection(ProjectConfigurationPlatforms) = postSolution
		{EE2C7EA8-BAC2-4177-B28E-EF3D8CCB1EE1}.Debug|Any CPU.ActiveCfg = Debug|Any CPU
		{EE2C7EA8-BAC2-4177-B28E-EF3D8CCB1EE1}.Debug|Any CPU.Build.0 = Debug|Any CPU
		{EE2C7EA8-BAC2-4177-B28E-EF3D8CCB1EE1}.Release|Any CPU.ActiveCfg = Release|Any CPU
		{EE2C7EA8-BAC2-4177-B28E-EF3D8CCB1EE1}.Release|Any CPU.Build.0 = Release|Any CPU
	EndGlobalSection
	GlobalSection(SolutionProperties) = preSolution
		HideSolutionNode = FALSE
	EndGlobalSection
	GlobalSection(ExtensibilityGlobals) = postSolution
		SolutionGuid = {FA32F020-40CA-4C64-9686-DD1381C05876}
	EndGlobalSection
EndGlobal
